{
  "name": "gatsby-starter-default",
  "version": "1.0.0",
  "lockfileVersion": 1,
  "requires": true,
  "dependencies": {
    "@types/history": {
      "version": "4.6.2",
      "resolved": "https://registry.npmjs.org/@types/history/-/history-4.6.2.tgz",
      "integrity": "sha512-eVAb52MJ4lfPLiO9VvTgv8KaZDEIqCwhv+lXOMLlt4C1YHTShgmMULEg0RrCbnqfYd6QKfHsMp0MiX0vWISpSw=="
    },
    "@types/react": {
      "version": "16.3.6",
      "resolved": "https://registry.npmjs.org/@types/react/-/react-16.3.6.tgz",
      "integrity": "sha512-njYCuO//EGrNJ2UAO5LsvQql4zsCP47p3LIb3LmrE9QDRclQdrUCeNo06QsiL0Tkcxm1I7hdF/Q/IdZ2ewDnaA==",
      "requires": {
        "csstype": "^2.0.0"
      }
    },
    "@types/react-router": {
      "version": "5.1.4",
      "resolved": "https://registry.npmjs.org/@types/react-router/-/react-router-5.1.4.tgz",
      "integrity": "sha512-PZtnBuyfL07sqCJvGg3z+0+kt6fobc/xmle08jBiezLS8FrmGeiGkJnuxL/8Zgy9L83ypUhniV5atZn/L8n9MQ==",
      "requires": {
        "@types/history": "*",
        "@types/react": "*"
      }
    },
    "@types/react-router-dom": {
      "version": "4.3.5",
      "resolved": "https://registry.npmjs.org/@types/react-router-dom/-/react-router-dom-4.3.5.tgz",
      "integrity": "sha512-eFajSUASYbPHg2BDM1G8Btx+YqGgvROPIg6sBhl3O4kbDdYXdFdfrgQFf/pcBuQVObjfT9AL/dd15jilR5DIEA==",
      "requires": {
        "@types/history": "*",
        "@types/react": "*",
        "@types/react-router": "*"
      }
    },
    "babel": {
      "version": "6.23.0",
      "resolved": "https://registry.npmjs.org/babel/-/babel-6.23.0.tgz",
      "integrity": "sha1-0NHn2APpdHZb7qMjLU4VPA77kPQ="
    },
    "babel-runtime": {
      "version": "6.26.0",
      "resolved": "https://registry.npmjs.org/babel-runtime/-/babel-runtime-6.26.0.tgz",
      "integrity": "sha1-llxwWGaOgrVde/4E/yM3vItWR/4=",
      "requires": {
        "core-js": "^2.4.0",
        "regenerator-runtime": "^0.11.0"
      }
    },
    "core-js": {
      "version": "2.5.5",
      "resolved": "https://registry.npmjs.org/core-js/-/core-js-2.5.5.tgz",
      "integrity": "sha1-sU3ek2xkDAV5prUMq8wTLdYSfjs="
    },
    "csstype": {
      "version": "2.1.1",
      "resolved": "https://registry.npmjs.org/csstype/-/csstype-2.1.1.tgz",
      "integrity": "sha512-YsNVkaQtmsauSmlwqr/3EhJamZIObOcqfOgOmPuQxEXhsSvt/1/4M+bqN9xpsSEJqT2TWfTs2mPWrmwp0iQX6g=="
    },
    "deep-equal": {
      "version": "1.0.1",
      "resolved": "https://registry.npmjs.org/deep-equal/-/deep-equal-1.0.1.tgz",
      "integrity": "sha1-9dJgKStmDghO/0zbyfCK0yR0SLU="
    },
    "exenv": {
      "version": "1.2.2",
      "resolved": "https://registry.npmjs.org/exenv/-/exenv-1.2.2.tgz",
      "integrity": "sha1-KueOhdmJQVhnCwPUe+wfA72Ru50="
    },
    "gatsby-link": {
      "version": "1.6.46",
      "resolved": "https://registry.npmjs.org/gatsby-link/-/gatsby-link-1.6.46.tgz",
      "integrity": "sha1-H59r16TUSKhWwgNeVPImPXkz9P0=",
      "requires": {
        "@types/history": "^4.6.2",
        "@types/react-router-dom": "^4.2.2",
        "babel-runtime": "^6.26.0",
        "prop-types": "^15.5.8",
        "ric": "^1.3.0"
      }
    },
    "gatsby-plugin-react-helmet": {
      "version": "2.0.11",
      "resolved": "https://registry.npmjs.org/gatsby-plugin-react-helmet/-/gatsby-plugin-react-helmet-2.0.11.tgz",
      "integrity": "sha1-otuBdV9bQdVODlNcodmgCNPM/wo=",
      "requires": {
        "babel-runtime": "^6.26.0"
      }
    },
    "js-tokens": {
      "version": "3.0.2",
      "resolved": "https://registry.npmjs.org/js-tokens/-/js-tokens-3.0.2.tgz",
      "integrity": "sha1-mGbfOVECEw449/mWvOtlRDIJwls="
    },
    "object-assign": {
      "version": "4.1.1",
      "resolved": "https://registry.npmjs.org/object-assign/-/object-assign-4.1.1.tgz",
      "integrity": "sha1-IQmtx5ZYh8/AXLvUQsrIv7s2CGM="
    },
    "prettier": {
      "version": "1.12.0",
      "resolved": "https://registry.npmjs.org/prettier/-/prettier-1.12.0.tgz",
      "integrity": "sha512-Wz0SMncgaglBzDcohH3ZIAi4nVpzOIEweFzCOmgVEoRSeO72b4dcKGfgxoRGVMaFlh1r7dlVaJ+f3CIHfeH6xg==",
      "dev": true
    },
    "prop-types": {
      "version": "15.7.2",
      "resolved": "https://registry.npmjs.org/prop-types/-/prop-types-15.7.2.tgz",
      "integrity": "sha512-8QQikdH7//R2vurIJSutZ1smHYTcLpRWEOlHnzcWHmBYrOGUysKwSsrC89BCiFj3CbrfJ/nXFdJepOVrY1GCHQ==",
      "requires": {
        "loose-envify": "^1.4.0",
        "object-assign": "^4.1.1",
        "react-is": "^16.8.1"
      },
      "dependencies": {
        "loose-envify": {
          "version": "1.4.0",
          "resolved": "https://registry.npmjs.org/loose-envify/-/loose-envify-1.4.0.tgz",
          "integrity": "sha512-lyuxPGr/Wfhrlem2CL/UcnUc1zcqKAImBDzukY7Y5F/yQiNdko6+fRLevlw1HgMySw7f611UIY408EtxRSoK3Q==",
          "requires": {
            "js-tokens": "^3.0.0 || ^4.0.0"
          }
        }
      }
    },
    "react-helmet": {
      "version": "5.2.0",
      "resolved": "https://registry.npmjs.org/react-helmet/-/react-helmet-5.2.0.tgz",
      "integrity": "sha1-qBgR3yExOm1VxfBYxK66XW89l6c=",
      "requires": {
        "deep-equal": "^1.0.1",
        "object-assign": "^4.1.1",
        "prop-types": "^15.5.4",
        "react-side-effect": "^1.1.0"
      }
    },
    "react-is": {
      "version": "16.12.0",
      "resolved": "https://registry.npmjs.org/react-is/-/react-is-16.12.0.tgz",
      "integrity": "sha512-rPCkf/mWBtKc97aLL9/txD8DZdemK0vkA3JMLShjlJB3Pj3s+lpf1KaBzMfQrAmhMQB0n1cU/SUGgKKBCe837Q=="
    },
    "react-side-effect": {
      "version": "1.1.3",
      "resolved": "https://registry.npmjs.org/react-side-effect/-/react-side-effect-1.1.3.tgz",
      "integrity": "sha1-USwlq+DewXKDTEAB7FxR4E1BvFw=",
      "requires": {
        "exenv": "^1.2.1",
        "shallowequal": "^1.0.1"
      }
    },
    "regenerator-runtime": {
      "version": "0.11.1",
      "resolved": "https://registry.npmjs.org/regenerator-runtime/-/regenerator-runtime-0.11.1.tgz",
      "integrity": "sha512-MguG95oij0fC3QV3URf4V2SDYGJhJnJGqvIIgdECeODCT98wSWDAJ94SSuVpYQUoTcGUIL6L4yNB7j1DFFHSBg=="
    },
    "ric": {
      "version": "1.3.0",
      "resolved": "https://registry.npmjs.org/ric/-/ric-1.3.0.tgz",
      "integrity": "sha1-jpUEJgnOghNUioMWTQjpT66UkJ8="
    },
    "shallowequal": {
      "version": "1.0.2",
      "resolved": "https://registry.npmjs.org/shallowequal/-/shallowequal-1.0.2.tgz",
      "integrity": "sha512-zlVXeVUKvo+HEv1e2KQF/csyeMKx2oHvatQ9l6XjCUj3agvC8XGf6R9HvIPDSmp8FNPvx7b5kaEJTRi7CqxtEw=="
    }
  }
}
